
Microsoft Visual Studio Solution File, Format Version 12.00
# Visual Studio Version 17
VisualStudioVersion = 17.3.32901.215
MinimumVisualStudioVersion = 10.0.40219.1
Project("{FAE04EC0-301F-11D3-BF4B-00C04F79EFBC}") = "GPOS", "GPOS\GPOS.csproj", "{C01A6D48-C1A4-40EF-B01B-9D0EE4339BE6}"
EndProject
Global
	GlobalSection(SolutionConfigurationPlatforms) = preSolution
		Debug|Any CPU = Debug|Any CPU
		Release|Any CPU = Release|Any CPU
	EndGlobalSection
	GlobalSection(ProjectConfigurationPlatforms) = postSolution
		{C01A6D48-C1A4-40EF-B01B-9D0EE4339BE6}.Debug|Any CPU.ActiveCfg = Debug|Any CPU
		{C01A6D48-C1A4-40EF-B01B-9D0EE4339BE6}.Debug|Any CPU.Build.0 = Debug|Any CPU
		{C01A6D48-C1A4-40EF-B01B-9D0EE4339BE6}.Release|Any CPU.ActiveCfg = Release|Any CPU
		{C01A6D48-C1A4-40EF-B01B-9D0EE4339BE6}.Release|Any CPU.Build.0 = Release|Any CPU
	EndGlobalSection
	GlobalSection(SolutionProperties) = preSolution
		HideSolutionNode = FALSE
	EndGlobalSection
	GlobalSection(ExtensibilityGlobals) = postSolution
		SolutionGuid = {6F518ECA-526B-48F3-95E0-B845764D6D3E}
	EndGlobalSection
EndGlobal
